
Microsoft Visual Studio Solution File, Format Version 12.00
# Visual Studio Version 17
VisualStudioVersion = 17.14.36414.22 d17.14
MinimumVisualStudioVersion = 10.0.40219.1
Project("{888888A0-9F3D-457C-B088-3A5042F75D52}") = "Tarkvarasustemi_testimine", "Tarkvarasustemi_testimine.pyproj", "{93301992-C521-40F0-8DE4-0DD813C45527}"
EndProject
Global
	GlobalSection(SolutionConfigurationPlatforms) = preSolution
		Debug|Any CPU = Debug|Any CPU
		Release|Any CPU = Release|Any CPU
	EndGlobalSection
	GlobalSection(ProjectConfigurationPlatforms) = postSolution
		{93301992-C521-40F0-8DE4-0DD813C45527}.Debug|Any CPU.ActiveCfg = Debug|Any CPU
		{93301992-C521-40F0-8DE4-0DD813C45527}.Release|Any CPU.ActiveCfg = Release|Any CPU
	EndGlobalSection
	GlobalSection(SolutionProperties) = preSolution
		HideSolutionNode = FALSE
	EndGlobalSection
	GlobalSection(ExtensibilityGlobals) = postSolution
		SolutionGuid = {BD7E82B2-1728-421F-ACBE-032CACCD6EFA}
	EndGlobalSection
EndGlobal
