
Microsoft Visual Studio Solution File, Format Version 12.00
# Visual Studio Version 17
VisualStudioVersion = 17.14.36414.22
MinimumVisualStudioVersion = 10.0.40219.1
Project("{FAE04EC0-301F-11D3-BF4B-00C04F79EFBC}") = "JekShop", "JekShop.csproj", "{E9019359-9E11-4047-BAF7-5B09D4F6B8C6}"
EndProject
Project("{FAE04EC0-301F-11D3-BF4B-00C04F79EFBC}") = "JekShop.ApplicationServices", "..\JekShop.ApplicationServices\JekShop.ApplicationServices.csproj", "{56684BA6-CDC2-44D1-B18D-1EE919A7E4D3}"
EndProject
Project("{FAE04EC0-301F-11D3-BF4B-00C04F79EFBC}") = "JekShop.Data", "..\JekShop.Data\JekShop.Data.csproj", "{4FD7D090-9873-441E-9F32-4ADB743921DE}"
EndProject
Project("{FAE04EC0-301F-11D3-BF4B-00C04F79EFBC}") = "JekShop.Core", "..\JekShop.Core\JekShop.Core.csproj", "{234591EA-51D2-4D88-B657-FC81107DFDC8}"
EndProject
Project("{FAE04EC0-301F-11D3-BF4B-00C04F79EFBC}") = "JekShop.RealEstateTest", "..\JekShop.RealEstateTest\JekShop.RealEstateTest.csproj", "{8D8D7AF3-772C-46CE-AEA3-EC63A04DAB12}"
EndProject
Project("{FAE04EC0-301F-11D3-BF4B-00C04F79EFBC}") = "JekShop.SpaceShipTest", "..\JekShop.SpaceShip\JekShop.SpaceShipTest.csproj", "{B4AC7631-B45D-46CD-BEBD-F63863378EE5}"
	ProjectSection(ProjectDependencies) = postProject
		{234591EA-51D2-4D88-B657-FC81107DFDC8} = {234591EA-51D2-4D88-B657-FC81107DFDC8}
		{4FD7D090-9873-441E-9F32-4ADB743921DE} = {4FD7D090-9873-441E-9F32-4ADB743921DE}
		{56684BA6-CDC2-44D1-B18D-1EE919A7E4D3} = {56684BA6-CDC2-44D1-B18D-1EE919A7E4D3}
	EndProjectSection
EndProject
Global
	GlobalSection(SolutionConfigurationPlatforms) = preSolution
		Debug|Any CPU = Debug|Any CPU
		Release|Any CPU = Release|Any CPU
	EndGlobalSection
	GlobalSection(ProjectConfigurationPlatforms) = postSolution
		{E9019359-9E11-4047-BAF7-5B09D4F6B8C6}.Debug|Any CPU.ActiveCfg = Debug|Any CPU
		{E9019359-9E11-4047-BAF7-5B09D4F6B8C6}.Debug|Any CPU.Build.0 = Debug|Any CPU
		{E9019359-9E11-4047-BAF7-5B09D4F6B8C6}.Release|Any CPU.ActiveCfg = Release|Any CPU
		{E9019359-9E11-4047-BAF7-5B09D4F6B8C6}.Release|Any CPU.Build.0 = Release|Any CPU
		{56684BA6-CDC2-44D1-B18D-1EE919A7E4D3}.Debug|Any CPU.ActiveCfg = Debug|Any CPU
		{56684BA6-CDC2-44D1-B18D-1EE919A7E4D3}.Debug|Any CPU.Build.0 = Debug|Any CPU
		{56684BA6-CDC2-44D1-B18D-1EE919A7E4D3}.Release|Any CPU.ActiveCfg = Release|Any CPU
		{56684BA6-CDC2-44D1-B18D-1EE919A7E4D3}.Release|Any CPU.Build.0 = Release|Any CPU
		{4FD7D090-9873-441E-9F32-4ADB743921DE}.Debug|Any CPU.ActiveCfg = Debug|Any CPU
		{4FD7D090-9873-441E-9F32-4ADB743921DE}.Debug|Any CPU.Build.0 = Debug|Any CPU
		{4FD7D090-9873-441E-9F32-4ADB743921DE}.Release|Any CPU.ActiveCfg = Release|Any CPU
		{4FD7D090-9873-441E-9F32-4ADB743921DE}.Release|Any CPU.Build.0 = Release|Any CPU
		{234591EA-51D2-4D88-B657-FC81107DFDC8}.Debug|Any CPU.ActiveCfg = Debug|Any CPU
		{234591EA-51D2-4D88-B657-FC81107DFDC8}.Debug|Any CPU.Build.0 = Debug|Any CPU
		{234591EA-51D2-4D88-B657-FC81107DFDC8}.Release|Any CPU.ActiveCfg = Release|Any CPU
		{234591EA-51D2-4D88-B657-FC81107DFDC8}.Release|Any CPU.Build.0 = Release|Any CPU
		{8D8D7AF3-772C-46CE-AEA3-EC63A04DAB12}.Debug|Any CPU.ActiveCfg = Debug|Any CPU
		{8D8D7AF3-772C-46CE-AEA3-EC63A04DAB12}.Debug|Any CPU.Build.0 = Debug|Any CPU
		{8D8D7AF3-772C-46CE-AEA3-EC63A04DAB12}.Release|Any CPU.ActiveCfg = Release|Any CPU
		{8D8D7AF3-772C-46CE-AEA3-EC63A04DAB12}.Release|Any CPU.Build.0 = Release|Any CPU
		{B4AC7631-B45D-46CD-BEBD-F63863378EE5}.Debug|Any CPU.ActiveCfg = Debug|Any CPU
		{B4AC7631-B45D-46CD-BEBD-F63863378EE5}.Debug|Any CPU.Build.0 = Debug|Any CPU
		{B4AC7631-B45D-46CD-BEBD-F63863378EE5}.Release|Any CPU.ActiveCfg = Release|Any CPU
		{B4AC7631-B45D-46CD-BEBD-F63863378EE5}.Release|Any CPU.Build.0 = Release|Any CPU
	EndGlobalSection
	GlobalSection(SolutionProperties) = preSolution
		HideSolutionNode = FALSE
	EndGlobalSection
	GlobalSection(ExtensibilityGlobals) = postSolution
		SolutionGuid = {D2872DB3-FD10-4723-8AB8-03D9864DC282}
	EndGlobalSection
EndGlobal
